
Microsoft Visual Studio Solution File, Format Version 12.00
# Visual Studio Version 17
VisualStudioVersion = 17.14.36121.58
MinimumVisualStudioVersion = 10.0.40219.1
Project("{FAE04EC0-301F-11D3-BF4B-00C04F79EFBC}") = "DianaSystem.Discord", "DianaSystem.Discord\DianaSystem.Discord.csproj", "{FCEB03B4-FFA2-4BB4-ACAD-9BD33B6220A0}"
EndProject
Project("{2150E333-8FDC-42A3-9474-1A3956D46DE8}") = "Solution Items", "Solution Items", "{8EC462FD-D22E-90A8-E5CE-7E832BA40C5D}"
	ProjectSection(SolutionItems) = preProject
		docker-compose.yaml = docker-compose.yaml
	EndProjectSection
EndProject
Project("{2150E333-8FDC-42A3-9474-1A3956D46DE8}") = "sql", "sql", "{02EA681E-C7D8-13C7-8484-4AC65E1B71E8}"
	ProjectSection(SolutionItems) = preProject
		V0__USERS_CREATE.sql = V0__USERS_CREATE.sql
		V0__WALLET_CREATE.sql = V0__WALLET_CREATE.sql
	EndProjectSection
EndProject
Project("{FAE04EC0-301F-11D3-BF4B-00C04F79EFBC}") = "DianaSystem.AnimationGenerator", "DianaSystem.CharacterBuilding\DianaSystem.AnimationGenerator.csproj", "{36D346C0-230D-4B1D-BF43-D0F509DCCFC4}"
EndProject
Project("{FAE04EC0-301F-11D3-BF4B-00C04F79EFBC}") = "DianaSystem.Web", "DianaSystem.Web\DianaSystem.Web.csproj", "{C9AE4E03-2D74-42CF-93CC-AB8F61B3A79C}"
EndProject
Global
	GlobalSection(SolutionConfigurationPlatforms) = preSolution
		Debug|Any CPU = Debug|Any CPU
		Release|Any CPU = Release|Any CPU
	EndGlobalSection
	GlobalSection(ProjectConfigurationPlatforms) = postSolution
		{FCEB03B4-FFA2-4BB4-ACAD-9BD33B6220A0}.Debug|Any CPU.ActiveCfg = Debug|Any CPU
		{FCEB03B4-FFA2-4BB4-ACAD-9BD33B6220A0}.Debug|Any CPU.Build.0 = Debug|Any CPU
		{FCEB03B4-FFA2-4BB4-ACAD-9BD33B6220A0}.Release|Any CPU.ActiveCfg = Release|Any CPU
		{FCEB03B4-FFA2-4BB4-ACAD-9BD33B6220A0}.Release|Any CPU.Build.0 = Release|Any CPU
		{36D346C0-230D-4B1D-BF43-D0F509DCCFC4}.Debug|Any CPU.ActiveCfg = Debug|Any CPU
		{36D346C0-230D-4B1D-BF43-D0F509DCCFC4}.Debug|Any CPU.Build.0 = Debug|Any CPU
		{36D346C0-230D-4B1D-BF43-D0F509DCCFC4}.Release|Any CPU.ActiveCfg = Release|Any CPU
		{36D346C0-230D-4B1D-BF43-D0F509DCCFC4}.Release|Any CPU.Build.0 = Release|Any CPU
		{C9AE4E03-2D74-42CF-93CC-AB8F61B3A79C}.Debug|Any CPU.ActiveCfg = Debug|Any CPU
		{C9AE4E03-2D74-42CF-93CC-AB8F61B3A79C}.Debug|Any CPU.Build.0 = Debug|Any CPU
		{C9AE4E03-2D74-42CF-93CC-AB8F61B3A79C}.Release|Any CPU.ActiveCfg = Release|Any CPU
		{C9AE4E03-2D74-42CF-93CC-AB8F61B3A79C}.Release|Any CPU.Build.0 = Release|Any CPU
	EndGlobalSection
	GlobalSection(SolutionProperties) = preSolution
		HideSolutionNode = FALSE
	EndGlobalSection
	GlobalSection(NestedProjects) = preSolution
		{02EA681E-C7D8-13C7-8484-4AC65E1B71E8} = {8EC462FD-D22E-90A8-E5CE-7E832BA40C5D}
	EndGlobalSection
	GlobalSection(ExtensibilityGlobals) = postSolution
		SolutionGuid = {5ADFBBC8-679B-4424-BCED-A5FB61F4A539}
	EndGlobalSection
EndGlobal
